github.com/go-telegram-bot-api/telegram-bot-api/v5 v5.5.1 h1:wG8n/XJQ07TmjbITcGiUaOtXxdrINDz1b0J1w0SzqDc=
github.com/go-telegram-bot-api/telegram-bot-api/v5 v5.5.1/go.mod h1:A2S0CWkNylc2phvKXWBBdD3K0iGnDBGbzRpISP2zBl8=
github.com/mwazovzky/assistant v0.0.1 h1:+v+KhB4hs63ogXweN99tL7S8U7fOE/ztp047gjcIBxI=
github.com/mwazovzky/assistant v0.0.1/go.mod h1:Q6+cf8rQ6gOcshan8LwnvBTMpSkQI49g/1RwYYs8Be0=
